
Microsoft Visual Studio Solution File, Format Version 12.00
# Visual Studio 14
VisualStudioVersion = 14.0.25420.1
MinimumVisualStudioVersion = 10.0.40219.1
Project("{FAE04EC0-301F-11D3-BF4B-00C04F79EFBC}") = "VTS.Core.Business", "VTS.Core.Business\VTS.Core.Business.csproj", "{67F9D3A8-F71E-4428-913F-C37AE82CDB24}"
EndProject
Project("{FAE04EC0-301F-11D3-BF4B-00C04F79EFBC}") = "VTS.Core.Data", "VTS.Core.Data\VTS.Core.Data.csproj", "{E8838AFB-0EC9-494C-BB35-7A81D277D4EE}"
EndProject
Project("{2150E333-8FDC-42A3-9474-1A3956D46DE8}") = "Core", "Core", "{54EA4179-3A82-4A65-AA40-194DD51ED270}"
EndProject
Project("{2150E333-8FDC-42A3-9474-1A3956D46DE8}") = "Test", "Test", "{872A5C16-C644-429A-8EC4-E061CC1A66B1}"
EndProject
Project("{FAE04EC0-301F-11D3-BF4B-00C04F79EFBC}") = "VTS.CrossCuttingConcerns", "VTS.Core.CrossCutting\VTS.CrossCuttingConcerns.csproj", "{7889EBE7-DDFA-4876-9424-55BB57E5166E}"
EndProject
Project("{FAE04EC0-301F-11D3-BF4B-00C04F79EFBC}") = "VTS.Tests", "VTS.Tests\VTS.Tests.csproj", "{99134737-7D2B-485B-82CD-3F61D44A6A85}"
EndProject
Project("{2150E333-8FDC-42A3-9474-1A3956D46DE8}") = "PlatformsUI", "PlatformsUI", "{8FA06A03-718F-4052-BCF7-6F965864371E}"
EndProject
Project("{FAE04EC0-301F-11D3-BF4B-00C04F79EFBC}") = "VTS.Droid", "VTS.Droid\VTS.Droid.csproj", "{5BE4AB13-D945-4F1C-8A63-10AAF6424AC2}"
EndProject
Project("{FAE04EC0-301F-11D3-BF4B-00C04F79EFBC}") = "VTS.iOS", "VTS.iOS\VTS.iOS.csproj", "{6FE852F1-35E6-440A-9DCD-C20E1FE29CD5}"
EndProject
Project("{2150E333-8FDC-42A3-9474-1A3956D46DE8}") = "Platform Specific", "Platform Specific", "{F49CAFDE-33A1-443B-897E-642340F4749A}"
EndProject
Project("{FAE04EC0-301F-11D3-BF4B-00C04F79EFBC}") = "Specific.Droid", "Specific.Droid\Specific.Droid.csproj", "{57DC2955-FA0A-4D07-AA1A-8EA0D4D8E5B8}"
EndProject
Project("{FAE04EC0-301F-11D3-BF4B-00C04F79EFBC}") = "Specific.iOS", "Specific.iOS\Specific.iOS.csproj", "{856B49FC-E4CB-4805-871C-2CF7DACA976B}"
EndProject
Global
	GlobalSection(SolutionConfigurationPlatforms) = preSolution
		Ad-Hoc|Any CPU = Ad-Hoc|Any CPU
		Ad-Hoc|ARM = Ad-Hoc|ARM
		Ad-Hoc|iPhone = Ad-Hoc|iPhone
		Ad-Hoc|iPhoneSimulator = Ad-Hoc|iPhoneSimulator
		Ad-Hoc|Mixed Platforms = Ad-Hoc|Mixed Platforms
		Ad-Hoc|x64 = Ad-Hoc|x64
		Ad-Hoc|x86 = Ad-Hoc|x86
		AppStore|Any CPU = AppStore|Any CPU
		AppStore|ARM = AppStore|ARM
		AppStore|iPhone = AppStore|iPhone
		AppStore|iPhoneSimulator = AppStore|iPhoneSimulator
		AppStore|Mixed Platforms = AppStore|Mixed Platforms
		AppStore|x64 = AppStore|x64
		AppStore|x86 = AppStore|x86
		Debug|Any CPU = Debug|Any CPU
		Debug|ARM = Debug|ARM
		Debug|iPhone = Debug|iPhone
		Debug|iPhoneSimulator = Debug|iPhoneSimulator
		Debug|Mixed Platforms = Debug|Mixed Platforms
		Debug|x64 = Debug|x64
		Debug|x86 = Debug|x86
		Release|Any CPU = Release|Any CPU
		Release|ARM = Release|ARM
		Release|iPhone = Release|iPhone
		Release|iPhoneSimulator = Release|iPhoneSimulator
		Release|Mixed Platforms = Release|Mixed Platforms
		Release|x64 = Release|x64
		Release|x86 = Release|x86
	EndGlobalSection
	GlobalSection(ProjectConfigurationPlatforms) = postSolution
		{67F9D3A8-F71E-4428-913F-C37AE82CDB24}.Ad-Hoc|Any CPU.ActiveCfg = Release|Any CPU
		{67F9D3A8-F71E-4428-913F-C37AE82CDB24}.Ad-Hoc|Any CPU.Build.0 = Release|Any CPU
		{67F9D3A8-F71E-4428-913F-C37AE82CDB24}.Ad-Hoc|ARM.ActiveCfg = Release|Any CPU
		{67F9D3A8-F71E-4428-913F-C37AE82CDB24}.Ad-Hoc|ARM.Build.0 = Release|Any CPU
		{67F9D3A8-F71E-4428-913F-C37AE82CDB24}.Ad-Hoc|iPhone.ActiveCfg = Release|Any CPU
		{67F9D3A8-F71E-4428-913F-C37AE82CDB24}.Ad-Hoc|iPhone.Build.0 = Release|Any CPU
		{67F9D3A8-F71E-4428-913F-C37AE82CDB24}.Ad-Hoc|iPhoneSimulator.ActiveCfg = Release|Any CPU
		{67F9D3A8-F71E-4428-913F-C37AE82CDB24}.Ad-Hoc|iPhoneSimulator.Build.0 = Release|Any CPU
		{67F9D3A8-F71E-4428-913F-C37AE82CDB24}.Ad-Hoc|Mixed Platforms.ActiveCfg = Debug|Any CPU
		{67F9D3A8-F71E-4428-913F-C37AE82CDB24}.Ad-Hoc|Mixed Platforms.Build.0 = Debug|Any CPU
		{67F9D3A8-F71E-4428-913F-C37AE82CDB24}.Ad-Hoc|x64.ActiveCfg = Release|Any CPU
		{67F9D3A8-F71E-4428-913F-C37AE82CDB24}.Ad-Hoc|x64.Build.0 = Release|Any CPU
		{67F9D3A8-F71E-4428-913F-C37AE82CDB24}.Ad-Hoc|x86.ActiveCfg = Release|Any CPU
		{67F9D3A8-F71E-4428-913F-C37AE82CDB24}.Ad-Hoc|x86.Build.0 = Release|Any CPU
		{67F9D3A8-F71E-4428-913F-C37AE82CDB24}.AppStore|Any CPU.ActiveCfg = Release|Any CPU
		{67F9D3A8-F71E-4428-913F-C37AE82CDB24}.AppStore|Any CPU.Build.0 = Release|Any CPU
		{67F9D3A8-F71E-4428-913F-C37AE82CDB24}.AppStore|ARM.ActiveCfg = Release|Any CPU
		{67F9D3A8-F71E-4428-913F-C37AE82CDB24}.AppStore|ARM.Build.0 = Release|Any CPU
		{67F9D3A8-F71E-4428-913F-C37AE82CDB24}.AppStore|iPhone.ActiveCfg = Release|Any CPU
		{67F9D3A8-F71E-4428-913F-C37AE82CDB24}.AppStore|iPhone.Build.0 = Release|Any CPU
		{67F9D3A8-F71E-4428-913F-C37AE82CDB24}.AppStore|iPhoneSimulator.ActiveCfg = Release|Any CPU
		{67F9D3A8-F71E-4428-913F-C37AE82CDB24}.AppStore|iPhoneSimulator.Build.0 = Release|Any CPU
		{67F9D3A8-F71E-4428-913F-C37AE82CDB24}.AppStore|Mixed Platforms.ActiveCfg = Debug|Any CPU
		{67F9D3A8-F71E-4428-913F-C37AE82CDB24}.AppStore|Mixed Platforms.Build.0 = Debug|Any CPU
		{67F9D3A8-F71E-4428-913F-C37AE82CDB24}.AppStore|x64.ActiveCfg = Release|Any CPU
		{67F9D3A8-F71E-4428-913F-C37AE82CDB24}.AppStore|x64.Build.0 = Release|Any CPU
		{67F9D3A8-F71E-4428-913F-C37AE82CDB24}.AppStore|x86.ActiveCfg = Release|Any CPU
		{67F9D3A8-F71E-4428-913F-C37AE82CDB24}.AppStore|x86.Build.0 = Release|Any CPU
		{67F9D3A8-F71E-4428-913F-C37AE82CDB24}.Debug|Any CPU.ActiveCfg = Debug|Any CPU
		{67F9D3A8-F71E-4428-913F-C37AE82CDB24}.Debug|Any CPU.Build.0 = Debug|Any CPU
		{67F9D3A8-F71E-4428-913F-C37AE82CDB24}.Debug|ARM.ActiveCfg = Debug|Any CPU
		{67F9D3A8-F71E-4428-913F-C37AE82CDB24}.Debug|ARM.Build.0 = Debug|Any CPU
		{67F9D3A8-F71E-4428-913F-C37AE82CDB24}.Debug|iPhone.ActiveCfg = Debug|Any CPU
		{67F9D3A8-F71E-4428-913F-C37AE82CDB24}.Debug|iPhone.Build.0 = Debug|Any CPU
		{67F9D3A8-F71E-4428-913F-C37AE82CDB24}.Debug|iPhoneSimulator.ActiveCfg = Debug|Any CPU
		{67F9D3A8-F71E-4428-913F-C37AE82CDB24}.Debug|iPhoneSimulator.Build.0 = Debug|Any CPU
		{67F9D3A8-F71E-4428-913F-C37AE82CDB24}.Debug|Mixed Platforms.ActiveCfg = Debug|Any CPU
		{67F9D3A8-F71E-4428-913F-C37AE82CDB24}.Debug|Mixed Platforms.Build.0 = Debug|Any CPU
		{67F9D3A8-F71E-4428-913F-C37AE82CDB24}.Debug|x64.ActiveCfg = Debug|Any CPU
		{67F9D3A8-F71E-4428-913F-C37AE82CDB24}.Debug|x64.Build.0 = Debug|Any CPU
		{67F9D3A8-F71E-4428-913F-C37AE82CDB24}.Debug|x86.ActiveCfg = Debug|Any CPU
		{67F9D3A8-F71E-4428-913F-C37AE82CDB24}.Debug|x86.Build.0 = Debug|Any CPU
		{67F9D3A8-F71E-4428-913F-C37AE82CDB24}.Release|Any CPU.ActiveCfg = Release|Any CPU
		{67F9D3A8-F71E-4428-913F-C37AE82CDB24}.Release|Any CPU.Build.0 = Release|Any CPU
		{67F9D3A8-F71E-4428-913F-C37AE82CDB24}.Release|ARM.ActiveCfg = Release|Any CPU
		{67F9D3A8-F71E-4428-913F-C37AE82CDB24}.Release|ARM.Build.0 = Release|Any CPU
		{67F9D3A8-F71E-4428-913F-C37AE82CDB24}.Release|iPhone.ActiveCfg = Release|Any CPU
		{67F9D3A8-F71E-4428-913F-C37AE82CDB24}.Release|iPhone.Build.0 = Release|Any CPU
		{67F9D3A8-F71E-4428-913F-C37AE82CDB24}.Release|iPhoneSimulator.ActiveCfg = Release|Any CPU
		{67F9D3A8-F71E-4428-913F-C37AE82CDB24}.Release|iPhoneSimulator.Build.0 = Release|Any CPU
		{67F9D3A8-F71E-4428-913F-C37AE82CDB24}.Release|Mixed Platforms.ActiveCfg = Release|Any CPU
		{67F9D3A8-F71E-4428-913F-C37AE82CDB24}.Release|Mixed Platforms.Build.0 = Release|Any CPU
		{67F9D3A8-F71E-4428-913F-C37AE82CDB24}.Release|x64.ActiveCfg = Release|Any CPU
		{67F9D3A8-F71E-4428-913F-C37AE82CDB24}.Release|x64.Build.0 = Release|Any CPU
		{67F9D3A8-F71E-4428-913F-C37AE82CDB24}.Release|x86.ActiveCfg = Release|Any CPU
		{67F9D3A8-F71E-4428-913F-C37AE82CDB24}.Release|x86.Build.0 = Release|Any CPU
		{E8838AFB-0EC9-494C-BB35-7A81D277D4EE}.Ad-Hoc|Any CPU.ActiveCfg = Release|Any CPU
		{E8838AFB-0EC9-494C-BB35-7A81D277D4EE}.Ad-Hoc|Any CPU.Build.0 = Release|Any CPU
		{E8838AFB-0EC9-494C-BB35-7A81D277D4EE}.Ad-Hoc|ARM.ActiveCfg = Release|Any CPU
		{E8838AFB-0EC9-494C-BB35-7A81D277D4EE}.Ad-Hoc|ARM.Build.0 = Release|Any CPU
		{E8838AFB-0EC9-494C-BB35-7A81D277D4EE}.Ad-Hoc|iPhone.ActiveCfg = Release|Any CPU
		{E8838AFB-0EC9-494C-BB35-7A81D277D4EE}.Ad-Hoc|iPhone.Build.0 = Release|Any CPU
		{E8838AFB-0EC9-494C-BB35-7A81D277D4EE}.Ad-Hoc|iPhoneSimulator.ActiveCfg = Release|Any CPU
		{E8838AFB-0EC9-494C-BB35-7A81D277D4EE}.Ad-Hoc|iPhoneSimulator.Build.0 = Release|Any CPU
		{E8838AFB-0EC9-494C-BB35-7A81D277D4EE}.Ad-Hoc|Mixed Platforms.ActiveCfg = Debug|Any CPU
		{E8838AFB-0EC9-494C-BB35-7A81D277D4EE}.Ad-Hoc|Mixed Platforms.Build.0 = Debug|Any CPU
		{E8838AFB-0EC9-494C-BB35-7A81D277D4EE}.Ad-Hoc|x64.ActiveCfg = Release|Any CPU
		{E8838AFB-0EC9-494C-BB35-7A81D277D4EE}.Ad-Hoc|x64.Build.0 = Release|Any CPU
		{E8838AFB-0EC9-494C-BB35-7A81D277D4EE}.Ad-Hoc|x86.ActiveCfg = Release|Any CPU
		{E8838AFB-0EC9-494C-BB35-7A81D277D4EE}.Ad-Hoc|x86.Build.0 = Release|Any CPU
		{E8838AFB-0EC9-494C-BB35-7A81D277D4EE}.AppStore|Any CPU.ActiveCfg = Release|Any CPU
		{E8838AFB-0EC9-494C-BB35-7A81D277D4EE}.AppStore|Any CPU.Build.0 = Release|Any CPU
		{E8838AFB-0EC9-494C-BB35-7A81D277D4EE}.AppStore|ARM.ActiveCfg = Release|Any CPU
		{E8838AFB-0EC9-494C-BB35-7A81D277D4EE}.AppStore|ARM.Build.0 = Release|Any CPU
		{E8838AFB-0EC9-494C-BB35-7A81D277D4EE}.AppStore|iPhone.ActiveCfg = Release|Any CPU
		{E8838AFB-0EC9-494C-BB35-7A81D277D4EE}.AppStore|iPhone.Build.0 = Release|Any CPU
		{E8838AFB-0EC9-494C-BB35-7A81D277D4EE}.AppStore|iPhoneSimulator.ActiveCfg = Release|Any CPU
		{E8838AFB-0EC9-494C-BB35-7A81D277D4EE}.AppStore|iPhoneSimulator.Build.0 = Release|Any CPU
		{E8838AFB-0EC9-494C-BB35-7A81D277D4EE}.AppStore|Mixed Platforms.ActiveCfg = Debug|Any CPU
		{E8838AFB-0EC9-494C-BB35-7A81D277D4EE}.AppStore|Mixed Platforms.Build.0 = Debug|Any CPU
		{E8838AFB-0EC9-494C-BB35-7A81D277D4EE}.AppStore|x64.ActiveCfg = Release|Any CPU
		{E8838AFB-0EC9-494C-BB35-7A81D277D4EE}.AppStore|x64.Build.0 = Release|Any CPU
		{E8838AFB-0EC9-494C-BB35-7A81D277D4EE}.AppStore|x86.ActiveCfg = Release|Any CPU
		{E8838AFB-0EC9-494C-BB35-7A81D277D4EE}.AppStore|x86.Build.0 = Release|Any CPU
		{E8838AFB-0EC9-494C-BB35-7A81D277D4EE}.Debug|Any CPU.ActiveCfg = Debug|Any CPU
		{E8838AFB-0EC9-494C-BB35-7A81D277D4EE}.Debug|Any CPU.Build.0 = Debug|Any CPU
		{E8838AFB-0EC9-494C-BB35-7A81D277D4EE}.Debug|ARM.ActiveCfg = Debug|Any CPU
		{E8838AFB-0EC9-494C-BB35-7A81D277D4EE}.Debug|ARM.Build.0 = Debug|Any CPU
		{E8838AFB-0EC9-494C-BB35-7A81D277D4EE}.Debug|iPhone.ActiveCfg = Debug|Any CPU
		{E8838AFB-0EC9-494C-BB35-7A81D277D4EE}.Debug|iPhone.Build.0 = Debug|Any CPU
		{E8838AFB-0EC9-494C-BB35-7A81D277D4EE}.Debug|iPhoneSimulator.ActiveCfg = Debug|Any CPU
		{E8838AFB-0EC9-494C-BB35-7A81D277D4EE}.Debug|iPhoneSimulator.Build.0 = Debug|Any CPU
		{E8838AFB-0EC9-494C-BB35-7A81D277D4EE}.Debug|Mixed Platforms.ActiveCfg = Debug|Any CPU
		{E8838AFB-0EC9-494C-BB35-7A81D277D4EE}.Debug|Mixed Platforms.Build.0 = Debug|Any CPU
		{E8838AFB-0EC9-494C-BB35-7A81D277D4EE}.Debug|x64.ActiveCfg = Debug|Any CPU
		{E8838AFB-0EC9-494C-BB35-7A81D277D4EE}.Debug|x64.Build.0 = Debug|Any CPU
		{E8838AFB-0EC9-494C-BB35-7A81D277D4EE}.Debug|x86.ActiveCfg = Debug|Any CPU
		{E8838AFB-0EC9-494C-BB35-7A81D277D4EE}.Debug|x86.Build.0 = Debug|Any CPU
		{E8838AFB-0EC9-494C-BB35-7A81D277D4EE}.Release|Any CPU.ActiveCfg = Release|Any CPU
		{E8838AFB-0EC9-494C-BB35-7A81D277D4EE}.Release|Any CPU.Build.0 = Release|Any CPU
		{E8838AFB-0EC9-494C-BB35-7A81D277D4EE}.Release|ARM.ActiveCfg = Release|Any CPU
		{E8838AFB-0EC9-494C-BB35-7A81D277D4EE}.Release|ARM.Build.0 = Release|Any CPU
		{E8838AFB-0EC9-494C-BB35-7A81D277D4EE}.Release|iPhone.ActiveCfg = Release|Any CPU
		{E8838AFB-0EC9-494C-BB35-7A81D277D4EE}.Release|iPhone.Build.0 = Release|Any CPU
		{E8838AFB-0EC9-494C-BB35-7A81D277D4EE}.Release|iPhoneSimulator.ActiveCfg = Release|Any CPU
		{E8838AFB-0EC9-494C-BB35-7A81D277D4EE}.Release|iPhoneSimulator.Build.0 = Release|Any CPU
		{E8838AFB-0EC9-494C-BB35-7A81D277D4EE}.Release|Mixed Platforms.ActiveCfg = Release|Any CPU
		{E8838AFB-0EC9-494C-BB35-7A81D277D4EE}.Release|Mixed Platforms.Build.0 = Release|Any CPU
		{E8838AFB-0EC9-494C-BB35-7A81D277D4EE}.Release|x64.ActiveCfg = Release|Any CPU
		{E8838AFB-0EC9-494C-BB35-7A81D277D4EE}.Release|x64.Build.0 = Release|Any CPU
		{E8838AFB-0EC9-494C-BB35-7A81D277D4EE}.Release|x86.ActiveCfg = Release|Any CPU
		{E8838AFB-0EC9-494C-BB35-7A81D277D4EE}.Release|x86.Build.0 = Release|Any CPU
		{7889EBE7-DDFA-4876-9424-55BB57E5166E}.Ad-Hoc|Any CPU.ActiveCfg = Release|Any CPU
		{7889EBE7-DDFA-4876-9424-55BB57E5166E}.Ad-Hoc|Any CPU.Build.0 = Release|Any CPU
		{7889EBE7-DDFA-4876-9424-55BB57E5166E}.Ad-Hoc|ARM.ActiveCfg = Release|Any CPU
		{7889EBE7-DDFA-4876-9424-55BB57E5166E}.Ad-Hoc|ARM.Build.0 = Release|Any CPU
		{7889EBE7-DDFA-4876-9424-55BB57E5166E}.Ad-Hoc|iPhone.ActiveCfg = Release|Any CPU
		{7889EBE7-DDFA-4876-9424-55BB57E5166E}.Ad-Hoc|iPhone.Build.0 = Release|Any CPU
		{7889EBE7-DDFA-4876-9424-55BB57E5166E}.Ad-Hoc|iPhoneSimulator.ActiveCfg = Release|Any CPU
		{7889EBE7-DDFA-4876-9424-55BB57E5166E}.Ad-Hoc|iPhoneSimulator.Build.0 = Release|Any CPU
		{7889EBE7-DDFA-4876-9424-55BB57E5166E}.Ad-Hoc|Mixed Platforms.ActiveCfg = Debug|Any CPU
		{7889EBE7-DDFA-4876-9424-55BB57E5166E}.Ad-Hoc|Mixed Platforms.Build.0 = Debug|Any CPU
		{7889EBE7-DDFA-4876-9424-55BB57E5166E}.Ad-Hoc|x64.ActiveCfg = Release|Any CPU
		{7889EBE7-DDFA-4876-9424-55BB57E5166E}.Ad-Hoc|x64.Build.0 = Release|Any CPU
		{7889EBE7-DDFA-4876-9424-55BB57E5166E}.Ad-Hoc|x86.ActiveCfg = Release|Any CPU
		{7889EBE7-DDFA-4876-9424-55BB57E5166E}.Ad-Hoc|x86.Build.0 = Release|Any CPU
		{7889EBE7-DDFA-4876-9424-55BB57E5166E}.AppStore|Any CPU.ActiveCfg = Release|Any CPU
		{7889EBE7-DDFA-4876-9424-55BB57E5166E}.AppStore|Any CPU.Build.0 = Release|Any CPU
		{7889EBE7-DDFA-4876-9424-55BB57E5166E}.AppStore|ARM.ActiveCfg = Release|Any CPU
		{7889EBE7-DDFA-4876-9424-55BB57E5166E}.AppStore|ARM.Build.0 = Release|Any CPU
		{7889EBE7-DDFA-4876-9424-55BB57E5166E}.AppStore|iPhone.ActiveCfg = Release|Any CPU
		{7889EBE7-DDFA-4876-9424-55BB57E5166E}.AppStore|iPhone.Build.0 = Release|Any CPU
		{7889EBE7-DDFA-4876-9424-55BB57E5166E}.AppStore|iPhoneSimulator.ActiveCfg = Release|Any CPU
		{7889EBE7-DDFA-4876-9424-55BB57E5166E}.AppStore|iPhoneSimulator.Build.0 = Release|Any CPU
		{7889EBE7-DDFA-4876-9424-55BB57E5166E}.AppStore|Mixed Platforms.ActiveCfg = Debug|Any CPU
		{7889EBE7-DDFA-4876-9424-55BB57E5166E}.AppStore|Mixed Platforms.Build.0 = Debug|Any CPU
		{7889EBE7-DDFA-4876-9424-55BB57E5166E}.AppStore|x64.ActiveCfg = Release|Any CPU
		{7889EBE7-DDFA-4876-9424-55BB57E5166E}.AppStore|x64.Build.0 = Release|Any CPU
		{7889EBE7-DDFA-4876-9424-55BB57E5166E}.AppStore|x86.ActiveCfg = Release|Any CPU
		{7889EBE7-DDFA-4876-9424-55BB57E5166E}.AppStore|x86.Build.0 = Release|Any CPU
		{7889EBE7-DDFA-4876-9424-55BB57E5166E}.Debug|Any CPU.ActiveCfg = Debug|Any CPU
		{7889EBE7-DDFA-4876-9424-55BB57E5166E}.Debug|Any CPU.Build.0 = Debug|Any CPU
		{7889EBE7-DDFA-4876-9424-55BB57E5166E}.Debug|ARM.ActiveCfg = Debug|Any CPU
		{7889EBE7-DDFA-4876-9424-55BB57E5166E}.Debug|ARM.Build.0 = Debug|Any CPU
		{7889EBE7-DDFA-4876-9424-55BB57E5166E}.Debug|iPhone.ActiveCfg = Debug|Any CPU
		{7889EBE7-DDFA-4876-9424-55BB57E5166E}.Debug|iPhone.Build.0 = Debug|Any CPU
		{7889EBE7-DDFA-4876-9424-55BB57E5166E}.Debug|iPhoneSimulator.ActiveCfg = Debug|Any CPU
		{7889EBE7-DDFA-4876-9424-55BB57E5166E}.Debug|iPhoneSimulator.Build.0 = Debug|Any CPU
		{7889EBE7-DDFA-4876-9424-55BB57E5166E}.Debug|Mixed Platforms.ActiveCfg = Debug|Any CPU
		{7889EBE7-DDFA-4876-9424-55BB57E5166E}.Debug|Mixed Platforms.Build.0 = Debug|Any CPU
		{7889EBE7-DDFA-4876-9424-55BB57E5166E}.Debug|x64.ActiveCfg = Debug|Any CPU
		{7889EBE7-DDFA-4876-9424-55BB57E5166E}.Debug|x64.Build.0 = Debug|Any CPU
		{7889EBE7-DDFA-4876-9424-55BB57E5166E}.Debug|x86.ActiveCfg = Debug|Any CPU
		{7889EBE7-DDFA-4876-9424-55BB57E5166E}.Debug|x86.Build.0 = Debug|Any CPU
		{7889EBE7-DDFA-4876-9424-55BB57E5166E}.Release|Any CPU.ActiveCfg = Release|Any CPU
		{7889EBE7-DDFA-4876-9424-55BB57E5166E}.Release|Any CPU.Build.0 = Release|Any CPU
		{7889EBE7-DDFA-4876-9424-55BB57E5166E}.Release|ARM.ActiveCfg = Release|Any CPU
		{7889EBE7-DDFA-4876-9424-55BB57E5166E}.Release|ARM.Build.0 = Release|Any CPU
		{7889EBE7-DDFA-4876-9424-55BB57E5166E}.Release|iPhone.ActiveCfg = Release|Any CPU
		{7889EBE7-DDFA-4876-9424-55BB57E5166E}.Release|iPhone.Build.0 = Release|Any CPU
		{7889EBE7-DDFA-4876-9424-55BB57E5166E}.Release|iPhoneSimulator.ActiveCfg = Release|Any CPU
		{7889EBE7-DDFA-4876-9424-55BB57E5166E}.Release|iPhoneSimulator.Build.0 = Release|Any CPU
		{7889EBE7-DDFA-4876-9424-55BB57E5166E}.Release|Mixed Platforms.ActiveCfg = Release|Any CPU
		{7889EBE7-DDFA-4876-9424-55BB57E5166E}.Release|Mixed Platforms.Build.0 = Release|Any CPU
		{7889EBE7-DDFA-4876-9424-55BB57E5166E}.Release|x64.ActiveCfg = Release|Any CPU
		{7889EBE7-DDFA-4876-9424-55BB57E5166E}.Release|x64.Build.0 = Release|Any CPU
		{7889EBE7-DDFA-4876-9424-55BB57E5166E}.Release|x86.ActiveCfg = Release|Any CPU
		{7889EBE7-DDFA-4876-9424-55BB57E5166E}.Release|x86.Build.0 = Release|Any CPU
		{99134737-7D2B-485B-82CD-3F61D44A6A85}.Ad-Hoc|Any CPU.ActiveCfg = Release|Any CPU
		{99134737-7D2B-485B-82CD-3F61D44A6A85}.Ad-Hoc|Any CPU.Build.0 = Release|Any CPU
		{99134737-7D2B-485B-82CD-3F61D44A6A85}.Ad-Hoc|ARM.ActiveCfg = Release|Any CPU
		{99134737-7D2B-485B-82CD-3F61D44A6A85}.Ad-Hoc|ARM.Build.0 = Release|Any CPU
		{99134737-7D2B-485B-82CD-3F61D44A6A85}.Ad-Hoc|iPhone.ActiveCfg = Release|Any CPU
		{99134737-7D2B-485B-82CD-3F61D44A6A85}.Ad-Hoc|iPhone.Build.0 = Release|Any CPU
		{99134737-7D2B-485B-82CD-3F61D44A6A85}.Ad-Hoc|iPhoneSimulator.ActiveCfg = Release|Any CPU
		{99134737-7D2B-485B-82CD-3F61D44A6A85}.Ad-Hoc|iPhoneSimulator.Build.0 = Release|Any CPU
		{99134737-7D2B-485B-82CD-3F61D44A6A85}.Ad-Hoc|Mixed Platforms.ActiveCfg = Release|Any CPU
		{99134737-7D2B-485B-82CD-3F61D44A6A85}.Ad-Hoc|Mixed Platforms.Build.0 = Release|Any CPU
		{99134737-7D2B-485B-82CD-3F61D44A6A85}.Ad-Hoc|x64.ActiveCfg = Release|Any CPU
		{99134737-7D2B-485B-82CD-3F61D44A6A85}.Ad-Hoc|x64.Build.0 = Release|Any CPU
		{99134737-7D2B-485B-82CD-3F61D44A6A85}.Ad-Hoc|x86.ActiveCfg = Release|Any CPU
		{99134737-7D2B-485B-82CD-3F61D44A6A85}.Ad-Hoc|x86.Build.0 = Release|Any CPU
		{99134737-7D2B-485B-82CD-3F61D44A6A85}.AppStore|Any CPU.ActiveCfg = Release|Any CPU
		{99134737-7D2B-485B-82CD-3F61D44A6A85}.AppStore|Any CPU.Build.0 = Release|Any CPU
		{99134737-7D2B-485B-82CD-3F61D44A6A85}.AppStore|ARM.ActiveCfg = Release|Any CPU
		{99134737-7D2B-485B-82CD-3F61D44A6A85}.AppStore|ARM.Build.0 = Release|Any CPU
		{99134737-7D2B-485B-82CD-3F61D44A6A85}.AppStore|iPhone.ActiveCfg = Release|Any CPU
		{99134737-7D2B-485B-82CD-3F61D44A6A85}.AppStore|iPhone.Build.0 = Release|Any CPU
		{99134737-7D2B-485B-82CD-3F61D44A6A85}.AppStore|iPhoneSimulator.ActiveCfg = Release|Any CPU
		{99134737-7D2B-485B-82CD-3F61D44A6A85}.AppStore|iPhoneSimulator.Build.0 = Release|Any CPU
		{99134737-7D2B-485B-82CD-3F61D44A6A85}.AppStore|Mixed Platforms.ActiveCfg = Release|Any CPU
		{99134737-7D2B-485B-82CD-3F61D44A6A85}.AppStore|Mixed Platforms.Build.0 = Release|Any CPU
		{99134737-7D2B-485B-82CD-3F61D44A6A85}.AppStore|x64.ActiveCfg = Release|Any CPU
		{99134737-7D2B-485B-82CD-3F61D44A6A85}.AppStore|x64.Build.0 = Release|Any CPU
		{99134737-7D2B-485B-82CD-3F61D44A6A85}.AppStore|x86.ActiveCfg = Release|Any CPU
		{99134737-7D2B-485B-82CD-3F61D44A6A85}.AppStore|x86.Build.0 = Release|Any CPU
		{99134737-7D2B-485B-82CD-3F61D44A6A85}.Debug|Any CPU.ActiveCfg = Debug|Any CPU
		{99134737-7D2B-485B-82CD-3F61D44A6A85}.Debug|Any CPU.Build.0 = Debug|Any CPU
		{99134737-7D2B-485B-82CD-3F61D44A6A85}.Debug|ARM.ActiveCfg = Debug|Any CPU
		{99134737-7D2B-485B-82CD-3F61D44A6A85}.Debug|ARM.Build.0 = Debug|Any CPU
		{99134737-7D2B-485B-82CD-3F61D44A6A85}.Debug|iPhone.ActiveCfg = Debug|Any CPU
		{99134737-7D2B-485B-82CD-3F61D44A6A85}.Debug|iPhone.Build.0 = Debug|Any CPU
		{99134737-7D2B-485B-82CD-3F61D44A6A85}.Debug|iPhoneSimulator.ActiveCfg = Debug|Any CPU
		{99134737-7D2B-485B-82CD-3F61D44A6A85}.Debug|iPhoneSimulator.Build.0 = Debug|Any CPU
		{99134737-7D2B-485B-82CD-3F61D44A6A85}.Debug|Mixed Platforms.ActiveCfg = Debug|Any CPU
		{99134737-7D2B-485B-82CD-3F61D44A6A85}.Debug|Mixed Platforms.Build.0 = Debug|Any CPU
		{99134737-7D2B-485B-82CD-3F61D44A6A85}.Debug|x64.ActiveCfg = Debug|Any CPU
		{99134737-7D2B-485B-82CD-3F61D44A6A85}.Debug|x64.Build.0 = Debug|Any CPU
		{99134737-7D2B-485B-82CD-3F61D44A6A85}.Debug|x86.ActiveCfg = Debug|Any CPU
		{99134737-7D2B-485B-82CD-3F61D44A6A85}.Debug|x86.Build.0 = Debug|Any CPU
		{99134737-7D2B-485B-82CD-3F61D44A6A85}.Release|Any CPU.ActiveCfg = Release|Any CPU
		{99134737-7D2B-485B-82CD-3F61D44A6A85}.Release|Any CPU.Build.0 = Release|Any CPU
		{99134737-7D2B-485B-82CD-3F61D44A6A85}.Release|ARM.ActiveCfg = Release|Any CPU
		{99134737-7D2B-485B-82CD-3F61D44A6A85}.Release|ARM.Build.0 = Release|Any CPU
		{99134737-7D2B-485B-82CD-3F61D44A6A85}.Release|iPhone.ActiveCfg = Release|Any CPU
		{99134737-7D2B-485B-82CD-3F61D44A6A85}.Release|iPhone.Build.0 = Release|Any CPU
		{99134737-7D2B-485B-82CD-3F61D44A6A85}.Release|iPhoneSimulator.ActiveCfg = Release|Any CPU
		{99134737-7D2B-485B-82CD-3F61D44A6A85}.Release|iPhoneSimulator.Build.0 = Release|Any CPU
		{99134737-7D2B-485B-82CD-3F61D44A6A85}.Release|Mixed Platforms.ActiveCfg = Release|Any CPU
		{99134737-7D2B-485B-82CD-3F61D44A6A85}.Release|Mixed Platforms.Build.0 = Release|Any CPU
		{99134737-7D2B-485B-82CD-3F61D44A6A85}.Release|x64.ActiveCfg = Release|Any CPU
		{99134737-7D2B-485B-82CD-3F61D44A6A85}.Release|x64.Build.0 = Release|Any CPU
		{99134737-7D2B-485B-82CD-3F61D44A6A85}.Release|x86.ActiveCfg = Release|Any CPU
		{99134737-7D2B-485B-82CD-3F61D44A6A85}.Release|x86.Build.0 = Release|Any CPU
		{5BE4AB13-D945-4F1C-8A63-10AAF6424AC2}.Ad-Hoc|Any CPU.ActiveCfg = Release|Any CPU
		{5BE4AB13-D945-4F1C-8A63-10AAF6424AC2}.Ad-Hoc|Any CPU.Build.0 = Release|Any CPU
		{5BE4AB13-D945-4F1C-8A63-10AAF6424AC2}.Ad-Hoc|Any CPU.Deploy.0 = Release|Any CPU
		{5BE4AB13-D945-4F1C-8A63-10AAF6424AC2}.Ad-Hoc|ARM.ActiveCfg = Release|Any CPU
		{5BE4AB13-D945-4F1C-8A63-10AAF6424AC2}.Ad-Hoc|ARM.Build.0 = Release|Any CPU
		{5BE4AB13-D945-4F1C-8A63-10AAF6424AC2}.Ad-Hoc|ARM.Deploy.0 = Release|Any CPU
		{5BE4AB13-D945-4F1C-8A63-10AAF6424AC2}.Ad-Hoc|iPhone.ActiveCfg = Release|Any CPU
		{5BE4AB13-D945-4F1C-8A63-10AAF6424AC2}.Ad-Hoc|iPhone.Build.0 = Release|Any CPU
		{5BE4AB13-D945-4F1C-8A63-10AAF6424AC2}.Ad-Hoc|iPhone.Deploy.0 = Release|Any CPU
		{5BE4AB13-D945-4F1C-8A63-10AAF6424AC2}.Ad-Hoc|iPhoneSimulator.ActiveCfg = Release|Any CPU
		{5BE4AB13-D945-4F1C-8A63-10AAF6424AC2}.Ad-Hoc|iPhoneSimulator.Build.0 = Release|Any CPU
		{5BE4AB13-D945-4F1C-8A63-10AAF6424AC2}.Ad-Hoc|iPhoneSimulator.Deploy.0 = Release|Any CPU
		{5BE4AB13-D945-4F1C-8A63-10AAF6424AC2}.Ad-Hoc|Mixed Platforms.ActiveCfg = Release|Any CPU
		{5BE4AB13-D945-4F1C-8A63-10AAF6424AC2}.Ad-Hoc|Mixed Platforms.Build.0 = Release|Any CPU
		{5BE4AB13-D945-4F1C-8A63-10AAF6424AC2}.Ad-Hoc|Mixed Platforms.Deploy.0 = Release|Any CPU
		{5BE4AB13-D945-4F1C-8A63-10AAF6424AC2}.Ad-Hoc|x64.ActiveCfg = Release|Any CPU
		{5BE4AB13-D945-4F1C-8A63-10AAF6424AC2}.Ad-Hoc|x64.Build.0 = Release|Any CPU
		{5BE4AB13-D945-4F1C-8A63-10AAF6424AC2}.Ad-Hoc|x64.Deploy.0 = Release|Any CPU
		{5BE4AB13-D945-4F1C-8A63-10AAF6424AC2}.Ad-Hoc|x86.ActiveCfg = Release|Any CPU
		{5BE4AB13-D945-4F1C-8A63-10AAF6424AC2}.Ad-Hoc|x86.Build.0 = Release|Any CPU
		{5BE4AB13-D945-4F1C-8A63-10AAF6424AC2}.Ad-Hoc|x86.Deploy.0 = Release|Any CPU
		{5BE4AB13-D945-4F1C-8A63-10AAF6424AC2}.AppStore|Any CPU.ActiveCfg = Release|Any CPU
		{5BE4AB13-D945-4F1C-8A63-10AAF6424AC2}.AppStore|Any CPU.Build.0 = Release|Any CPU
		{5BE4AB13-D945-4F1C-8A63-10AAF6424AC2}.AppStore|Any CPU.Deploy.0 = Release|Any CPU
		{5BE4AB13-D945-4F1C-8A63-10AAF6424AC2}.AppStore|ARM.ActiveCfg = Release|Any CPU
		{5BE4AB13-D945-4F1C-8A63-10AAF6424AC2}.AppStore|ARM.Build.0 = Release|Any CPU
		{5BE4AB13-D945-4F1C-8A63-10AAF6424AC2}.AppStore|ARM.Deploy.0 = Release|Any CPU
		{5BE4AB13-D945-4F1C-8A63-10AAF6424AC2}.AppStore|iPhone.ActiveCfg = Release|Any CPU
		{5BE4AB13-D945-4F1C-8A63-10AAF6424AC2}.AppStore|iPhone.Build.0 = Release|Any CPU
		{5BE4AB13-D945-4F1C-8A63-10AAF6424AC2}.AppStore|iPhone.Deploy.0 = Release|Any CPU
		{5BE4AB13-D945-4F1C-8A63-10AAF6424AC2}.AppStore|iPhoneSimulator.ActiveCfg = Release|Any CPU
		{5BE4AB13-D945-4F1C-8A63-10AAF6424AC2}.AppStore|iPhoneSimulator.Build.0 = Release|Any CPU
		{5BE4AB13-D945-4F1C-8A63-10AAF6424AC2}.AppStore|iPhoneSimulator.Deploy.0 = Release|Any CPU
		{5BE4AB13-D945-4F1C-8A63-10AAF6424AC2}.AppStore|Mixed Platforms.ActiveCfg = Release|Any CPU
		{5BE4AB13-D945-4F1C-8A63-10AAF6424AC2}.AppStore|Mixed Platforms.Build.0 = Release|Any CPU
		{5BE4AB13-D945-4F1C-8A63-10AAF6424AC2}.AppStore|Mixed Platforms.Deploy.0 = Release|Any CPU
		{5BE4AB13-D945-4F1C-8A63-10AAF6424AC2}.AppStore|x64.ActiveCfg = Release|Any CPU
		{5BE4AB13-D945-4F1C-8A63-10AAF6424AC2}.AppStore|x64.Build.0 = Release|Any CPU
		{5BE4AB13-D945-4F1C-8A63-10AAF6424AC2}.AppStore|x64.Deploy.0 = Release|Any CPU
		{5BE4AB13-D945-4F1C-8A63-10AAF6424AC2}.AppStore|x86.ActiveCfg = Release|Any CPU
		{5BE4AB13-D945-4F1C-8A63-10AAF6424AC2}.AppStore|x86.Build.0 = Release|Any CPU
		{5BE4AB13-D945-4F1C-8A63-10AAF6424AC2}.AppStore|x86.Deploy.0 = Release|Any CPU
		{5BE4AB13-D945-4F1C-8A63-10AAF6424AC2}.Debug|Any CPU.ActiveCfg = Debug|Any CPU
		{5BE4AB13-D945-4F1C-8A63-10AAF6424AC2}.Debug|Any CPU.Build.0 = Debug|Any CPU
		{5BE4AB13-D945-4F1C-8A63-10AAF6424AC2}.Debug|Any CPU.Deploy.0 = Debug|Any CPU
		{5BE4AB13-D945-4F1C-8A63-10AAF6424AC2}.Debug|ARM.ActiveCfg = Debug|Any CPU
		{5BE4AB13-D945-4F1C-8A63-10AAF6424AC2}.Debug|ARM.Build.0 = Debug|Any CPU
		{5BE4AB13-D945-4F1C-8A63-10AAF6424AC2}.Debug|ARM.Deploy.0 = Debug|Any CPU
		{5BE4AB13-D945-4F1C-8A63-10AAF6424AC2}.Debug|iPhone.ActiveCfg = Debug|Any CPU
		{5BE4AB13-D945-4F1C-8A63-10AAF6424AC2}.Debug|iPhone.Build.0 = Debug|Any CPU
		{5BE4AB13-D945-4F1C-8A63-10AAF6424AC2}.Debug|iPhone.Deploy.0 = Debug|Any CPU
		{5BE4AB13-D945-4F1C-8A63-10AAF6424AC2}.Debug|iPhoneSimulator.ActiveCfg = Debug|Any CPU
		{5BE4AB13-D945-4F1C-8A63-10AAF6424AC2}.Debug|iPhoneSimulator.Build.0 = Debug|Any CPU
		{5BE4AB13-D945-4F1C-8A63-10AAF6424AC2}.Debug|iPhoneSimulator.Deploy.0 = Debug|Any CPU
		{5BE4AB13-D945-4F1C-8A63-10AAF6424AC2}.Debug|Mixed Platforms.ActiveCfg = Debug|Any CPU
		{5BE4AB13-D945-4F1C-8A63-10AAF6424AC2}.Debug|Mixed Platforms.Build.0 = Debug|Any CPU
		{5BE4AB13-D945-4F1C-8A63-10AAF6424AC2}.Debug|Mixed Platforms.Deploy.0 = Debug|Any CPU
		{5BE4AB13-D945-4F1C-8A63-10AAF6424AC2}.Debug|x64.ActiveCfg = Debug|Any CPU
		{5BE4AB13-D945-4F1C-8A63-10AAF6424AC2}.Debug|x64.Build.0 = Debug|Any CPU
		{5BE4AB13-D945-4F1C-8A63-10AAF6424AC2}.Debug|x64.Deploy.0 = Debug|Any CPU
		{5BE4AB13-D945-4F1C-8A63-10AAF6424AC2}.Debug|x86.ActiveCfg = Debug|Any CPU
		{5BE4AB13-D945-4F1C-8A63-10AAF6424AC2}.Debug|x86.Build.0 = Debug|Any CPU
		{5BE4AB13-D945-4F1C-8A63-10AAF6424AC2}.Debug|x86.Deploy.0 = Debug|Any CPU
		{5BE4AB13-D945-4F1C-8A63-10AAF6424AC2}.Release|Any CPU.ActiveCfg = Release|Any CPU
		{5BE4AB13-D945-4F1C-8A63-10AAF6424AC2}.Release|Any CPU.Build.0 = Release|Any CPU
		{5BE4AB13-D945-4F1C-8A63-10AAF6424AC2}.Release|Any CPU.Deploy.0 = Release|Any CPU
		{5BE4AB13-D945-4F1C-8A63-10AAF6424AC2}.Release|ARM.ActiveCfg = Release|Any CPU
		{5BE4AB13-D945-4F1C-8A63-10AAF6424AC2}.Release|ARM.Build.0 = Release|Any CPU
		{5BE4AB13-D945-4F1C-8A63-10AAF6424AC2}.Release|ARM.Deploy.0 = Release|Any CPU
		{5BE4AB13-D945-4F1C-8A63-10AAF6424AC2}.Release|iPhone.ActiveCfg = Release|Any CPU
		{5BE4AB13-D945-4F1C-8A63-10AAF6424AC2}.Release|iPhone.Build.0 = Release|Any CPU
		{5BE4AB13-D945-4F1C-8A63-10AAF6424AC2}.Release|iPhone.Deploy.0 = Release|Any CPU
		{5BE4AB13-D945-4F1C-8A63-10AAF6424AC2}.Release|iPhoneSimulator.ActiveCfg = Release|Any CPU
		{5BE4AB13-D945-4F1C-8A63-10AAF6424AC2}.Release|iPhoneSimulator.Build.0 = Release|Any CPU
		{5BE4AB13-D945-4F1C-8A63-10AAF6424AC2}.Release|iPhoneSimulator.Deploy.0 = Release|Any CPU
		{5BE4AB13-D945-4F1C-8A63-10AAF6424AC2}.Release|Mixed Platforms.ActiveCfg = Release|Any CPU
		{5BE4AB13-D945-4F1C-8A63-10AAF6424AC2}.Release|Mixed Platforms.Build.0 = Release|Any CPU
		{5BE4AB13-D945-4F1C-8A63-10AAF6424AC2}.Release|Mixed Platforms.Deploy.0 = Release|Any CPU
		{5BE4AB13-D945-4F1C-8A63-10AAF6424AC2}.Release|x64.ActiveCfg = Release|Any CPU
		{5BE4AB13-D945-4F1C-8A63-10AAF6424AC2}.Release|x64.Build.0 = Release|Any CPU
		{5BE4AB13-D945-4F1C-8A63-10AAF6424AC2}.Release|x64.Deploy.0 = Release|Any CPU
		{5BE4AB13-D945-4F1C-8A63-10AAF6424AC2}.Release|x86.ActiveCfg = Release|Any CPU
		{5BE4AB13-D945-4F1C-8A63-10AAF6424AC2}.Release|x86.Build.0 = Release|Any CPU
		{5BE4AB13-D945-4F1C-8A63-10AAF6424AC2}.Release|x86.Deploy.0 = Release|Any CPU
		{6FE852F1-35E6-440A-9DCD-C20E1FE29CD5}.Ad-Hoc|Any CPU.ActiveCfg = Ad-Hoc|iPhone
		{6FE852F1-35E6-440A-9DCD-C20E1FE29CD5}.Ad-Hoc|ARM.ActiveCfg = Ad-Hoc|iPhone
		{6FE852F1-35E6-440A-9DCD-C20E1FE29CD5}.Ad-Hoc|iPhone.ActiveCfg = Ad-Hoc|iPhone
		{6FE852F1-35E6-440A-9DCD-C20E1FE29CD5}.Ad-Hoc|iPhone.Build.0 = Ad-Hoc|iPhone
		{6FE852F1-35E6-440A-9DCD-C20E1FE29CD5}.Ad-Hoc|iPhoneSimulator.ActiveCfg = Ad-Hoc|iPhoneSimulator
		{6FE852F1-35E6-440A-9DCD-C20E1FE29CD5}.Ad-Hoc|iPhoneSimulator.Build.0 = Ad-Hoc|iPhoneSimulator
		{6FE852F1-35E6-440A-9DCD-C20E1FE29CD5}.Ad-Hoc|Mixed Platforms.ActiveCfg = Ad-Hoc|iPhone
		{6FE852F1-35E6-440A-9DCD-C20E1FE29CD5}.Ad-Hoc|Mixed Platforms.Build.0 = Ad-Hoc|iPhone
		{6FE852F1-35E6-440A-9DCD-C20E1FE29CD5}.Ad-Hoc|x64.ActiveCfg = Ad-Hoc|iPhone
		{6FE852F1-35E6-440A-9DCD-C20E1FE29CD5}.Ad-Hoc|x86.ActiveCfg = Ad-Hoc|iPhone
		{6FE852F1-35E6-440A-9DCD-C20E1FE29CD5}.AppStore|Any CPU.ActiveCfg = AppStore|iPhone
		{6FE852F1-35E6-440A-9DCD-C20E1FE29CD5}.AppStore|ARM.ActiveCfg = AppStore|iPhone
		{6FE852F1-35E6-440A-9DCD-C20E1FE29CD5}.AppStore|iPhone.ActiveCfg = AppStore|iPhone
		{6FE852F1-35E6-440A-9DCD-C20E1FE29CD5}.AppStore|iPhone.Build.0 = AppStore|iPhone
		{6FE852F1-35E6-440A-9DCD-C20E1FE29CD5}.AppStore|iPhoneSimulator.ActiveCfg = AppStore|iPhoneSimulator
		{6FE852F1-35E6-440A-9DCD-C20E1FE29CD5}.AppStore|iPhoneSimulator.Build.0 = AppStore|iPhoneSimulator
		{6FE852F1-35E6-440A-9DCD-C20E1FE29CD5}.AppStore|Mixed Platforms.ActiveCfg = AppStore|iPhone
		{6FE852F1-35E6-440A-9DCD-C20E1FE29CD5}.AppStore|Mixed Platforms.Build.0 = AppStore|iPhone
		{6FE852F1-35E6-440A-9DCD-C20E1FE29CD5}.AppStore|x64.ActiveCfg = AppStore|iPhone
		{6FE852F1-35E6-440A-9DCD-C20E1FE29CD5}.AppStore|x86.ActiveCfg = AppStore|iPhone
		{6FE852F1-35E6-440A-9DCD-C20E1FE29CD5}.Debug|Any CPU.ActiveCfg = Debug|iPhone
		{6FE852F1-35E6-440A-9DCD-C20E1FE29CD5}.Debug|ARM.ActiveCfg = Debug|iPhone
		{6FE852F1-35E6-440A-9DCD-C20E1FE29CD5}.Debug|iPhone.ActiveCfg = Debug|iPhone
		{6FE852F1-35E6-440A-9DCD-C20E1FE29CD5}.Debug|iPhone.Build.0 = Debug|iPhone
		{6FE852F1-35E6-440A-9DCD-C20E1FE29CD5}.Debug|iPhoneSimulator.ActiveCfg = Debug|iPhoneSimulator
		{6FE852F1-35E6-440A-9DCD-C20E1FE29CD5}.Debug|iPhoneSimulator.Build.0 = Debug|iPhoneSimulator
		{6FE852F1-35E6-440A-9DCD-C20E1FE29CD5}.Debug|Mixed Platforms.ActiveCfg = Debug|iPhone
		{6FE852F1-35E6-440A-9DCD-C20E1FE29CD5}.Debug|Mixed Platforms.Build.0 = Debug|iPhone
		{6FE852F1-35E6-440A-9DCD-C20E1FE29CD5}.Debug|x64.ActiveCfg = Debug|iPhone
		{6FE852F1-35E6-440A-9DCD-C20E1FE29CD5}.Debug|x86.ActiveCfg = Debug|iPhone
		{6FE852F1-35E6-440A-9DCD-C20E1FE29CD5}.Release|Any CPU.ActiveCfg = Release|iPhone
		{6FE852F1-35E6-440A-9DCD-C20E1FE29CD5}.Release|ARM.ActiveCfg = Release|iPhone
		{6FE852F1-35E6-440A-9DCD-C20E1FE29CD5}.Release|iPhone.ActiveCfg = Release|iPhone
		{6FE852F1-35E6-440A-9DCD-C20E1FE29CD5}.Release|iPhone.Build.0 = Release|iPhone
		{6FE852F1-35E6-440A-9DCD-C20E1FE29CD5}.Release|iPhoneSimulator.ActiveCfg = Release|iPhoneSimulator
		{6FE852F1-35E6-440A-9DCD-C20E1FE29CD5}.Release|iPhoneSimulator.Build.0 = Release|iPhoneSimulator
		{6FE852F1-35E6-440A-9DCD-C20E1FE29CD5}.Release|Mixed Platforms.ActiveCfg = Release|iPhone
		{6FE852F1-35E6-440A-9DCD-C20E1FE29CD5}.Release|Mixed Platforms.Build.0 = Release|iPhone
		{6FE852F1-35E6-440A-9DCD-C20E1FE29CD5}.Release|x64.ActiveCfg = Release|iPhone
		{6FE852F1-35E6-440A-9DCD-C20E1FE29CD5}.Release|x86.ActiveCfg = Release|iPhone
		{57DC2955-FA0A-4D07-AA1A-8EA0D4D8E5B8}.Ad-Hoc|Any CPU.ActiveCfg = Release|Any CPU
		{57DC2955-FA0A-4D07-AA1A-8EA0D4D8E5B8}.Ad-Hoc|Any CPU.Build.0 = Release|Any CPU
		{57DC2955-FA0A-4D07-AA1A-8EA0D4D8E5B8}.Ad-Hoc|ARM.ActiveCfg = Release|Any CPU
		{57DC2955-FA0A-4D07-AA1A-8EA0D4D8E5B8}.Ad-Hoc|ARM.Build.0 = Release|Any CPU
		{57DC2955-FA0A-4D07-AA1A-8EA0D4D8E5B8}.Ad-Hoc|iPhone.ActiveCfg = Release|Any CPU
		{57DC2955-FA0A-4D07-AA1A-8EA0D4D8E5B8}.Ad-Hoc|iPhone.Build.0 = Release|Any CPU
		{57DC2955-FA0A-4D07-AA1A-8EA0D4D8E5B8}.Ad-Hoc|iPhoneSimulator.ActiveCfg = Release|Any CPU
		{57DC2955-FA0A-4D07-AA1A-8EA0D4D8E5B8}.Ad-Hoc|iPhoneSimulator.Build.0 = Release|Any CPU
		{57DC2955-FA0A-4D07-AA1A-8EA0D4D8E5B8}.Ad-Hoc|Mixed Platforms.ActiveCfg = Release|Any CPU
		{57DC2955-FA0A-4D07-AA1A-8EA0D4D8E5B8}.Ad-Hoc|Mixed Platforms.Build.0 = Release|Any CPU
		{57DC2955-FA0A-4D07-AA1A-8EA0D4D8E5B8}.Ad-Hoc|x64.ActiveCfg = Release|Any CPU
		{57DC2955-FA0A-4D07-AA1A-8EA0D4D8E5B8}.Ad-Hoc|x64.Build.0 = Release|Any CPU
		{57DC2955-FA0A-4D07-AA1A-8EA0D4D8E5B8}.Ad-Hoc|x86.ActiveCfg = Release|Any CPU
		{57DC2955-FA0A-4D07-AA1A-8EA0D4D8E5B8}.Ad-Hoc|x86.Build.0 = Release|Any CPU
		{57DC2955-FA0A-4D07-AA1A-8EA0D4D8E5B8}.AppStore|Any CPU.ActiveCfg = Release|Any CPU
		{57DC2955-FA0A-4D07-AA1A-8EA0D4D8E5B8}.AppStore|Any CPU.Build.0 = Release|Any CPU
		{57DC2955-FA0A-4D07-AA1A-8EA0D4D8E5B8}.AppStore|ARM.ActiveCfg = Release|Any CPU
		{57DC2955-FA0A-4D07-AA1A-8EA0D4D8E5B8}.AppStore|ARM.Build.0 = Release|Any CPU
		{57DC2955-FA0A-4D07-AA1A-8EA0D4D8E5B8}.AppStore|iPhone.ActiveCfg = Release|Any CPU
		{57DC2955-FA0A-4D07-AA1A-8EA0D4D8E5B8}.AppStore|iPhone.Build.0 = Release|Any CPU
		{57DC2955-FA0A-4D07-AA1A-8EA0D4D8E5B8}.AppStore|iPhoneSimulator.ActiveCfg = Release|Any CPU
		{57DC2955-FA0A-4D07-AA1A-8EA0D4D8E5B8}.AppStore|iPhoneSimulator.Build.0 = Release|Any CPU
		{57DC2955-FA0A-4D07-AA1A-8EA0D4D8E5B8}.AppStore|Mixed Platforms.ActiveCfg = Release|Any CPU
		{57DC2955-FA0A-4D07-AA1A-8EA0D4D8E5B8}.AppStore|Mixed Platforms.Build.0 = Release|Any CPU
		{57DC2955-FA0A-4D07-AA1A-8EA0D4D8E5B8}.AppStore|x64.ActiveCfg = Release|Any CPU
		{57DC2955-FA0A-4D07-AA1A-8EA0D4D8E5B8}.AppStore|x64.Build.0 = Release|Any CPU
		{57DC2955-FA0A-4D07-AA1A-8EA0D4D8E5B8}.AppStore|x86.ActiveCfg = Release|Any CPU
		{57DC2955-FA0A-4D07-AA1A-8EA0D4D8E5B8}.AppStore|x86.Build.0 = Release|Any CPU
		{57DC2955-FA0A-4D07-AA1A-8EA0D4D8E5B8}.Debug|Any CPU.ActiveCfg = Debug|Any CPU
		{57DC2955-FA0A-4D07-AA1A-8EA0D4D8E5B8}.Debug|Any CPU.Build.0 = Debug|Any CPU
		{57DC2955-FA0A-4D07-AA1A-8EA0D4D8E5B8}.Debug|ARM.ActiveCfg = Debug|Any CPU
		{57DC2955-FA0A-4D07-AA1A-8EA0D4D8E5B8}.Debug|ARM.Build.0 = Debug|Any CPU
		{57DC2955-FA0A-4D07-AA1A-8EA0D4D8E5B8}.Debug|iPhone.ActiveCfg = Debug|Any CPU
		{57DC2955-FA0A-4D07-AA1A-8EA0D4D8E5B8}.Debug|iPhone.Build.0 = Debug|Any CPU
		{57DC2955-FA0A-4D07-AA1A-8EA0D4D8E5B8}.Debug|iPhoneSimulator.ActiveCfg = Debug|Any CPU
		{57DC2955-FA0A-4D07-AA1A-8EA0D4D8E5B8}.Debug|iPhoneSimulator.Build.0 = Debug|Any CPU
		{57DC2955-FA0A-4D07-AA1A-8EA0D4D8E5B8}.Debug|Mixed Platforms.ActiveCfg = Debug|Any CPU
		{57DC2955-FA0A-4D07-AA1A-8EA0D4D8E5B8}.Debug|Mixed Platforms.Build.0 = Debug|Any CPU
		{57DC2955-FA0A-4D07-AA1A-8EA0D4D8E5B8}.Debug|x64.ActiveCfg = Debug|Any CPU
		{57DC2955-FA0A-4D07-AA1A-8EA0D4D8E5B8}.Debug|x64.Build.0 = Debug|Any CPU
		{57DC2955-FA0A-4D07-AA1A-8EA0D4D8E5B8}.Debug|x86.ActiveCfg = Debug|Any CPU
		{57DC2955-FA0A-4D07-AA1A-8EA0D4D8E5B8}.Debug|x86.Build.0 = Debug|Any CPU
		{57DC2955-FA0A-4D07-AA1A-8EA0D4D8E5B8}.Release|Any CPU.ActiveCfg = Release|Any CPU
		{57DC2955-FA0A-4D07-AA1A-8EA0D4D8E5B8}.Release|Any CPU.Build.0 = Release|Any CPU
		{57DC2955-FA0A-4D07-AA1A-8EA0D4D8E5B8}.Release|ARM.ActiveCfg = Release|Any CPU
		{57DC2955-FA0A-4D07-AA1A-8EA0D4D8E5B8}.Release|ARM.Build.0 = Release|Any CPU
		{57DC2955-FA0A-4D07-AA1A-8EA0D4D8E5B8}.Release|iPhone.ActiveCfg = Release|Any CPU
		{57DC2955-FA0A-4D07-AA1A-8EA0D4D8E5B8}.Release|iPhone.Build.0 = Release|Any CPU
		{57DC2955-FA0A-4D07-AA1A-8EA0D4D8E5B8}.Release|iPhoneSimulator.ActiveCfg = Release|Any CPU
		{57DC2955-FA0A-4D07-AA1A-8EA0D4D8E5B8}.Release|iPhoneSimulator.Build.0 = Release|Any CPU
		{57DC2955-FA0A-4D07-AA1A-8EA0D4D8E5B8}.Release|Mixed Platforms.ActiveCfg = Release|Any CPU
		{57DC2955-FA0A-4D07-AA1A-8EA0D4D8E5B8}.Release|Mixed Platforms.Build.0 = Release|Any CPU
		{57DC2955-FA0A-4D07-AA1A-8EA0D4D8E5B8}.Release|x64.ActiveCfg = Release|Any CPU
		{57DC2955-FA0A-4D07-AA1A-8EA0D4D8E5B8}.Release|x64.Build.0 = Release|Any CPU
		{57DC2955-FA0A-4D07-AA1A-8EA0D4D8E5B8}.Release|x86.ActiveCfg = Release|Any CPU
		{57DC2955-FA0A-4D07-AA1A-8EA0D4D8E5B8}.Release|x86.Build.0 = Release|Any CPU
		{856B49FC-E4CB-4805-871C-2CF7DACA976B}.Ad-Hoc|Any CPU.ActiveCfg = Release|Any CPU
		{856B49FC-E4CB-4805-871C-2CF7DACA976B}.Ad-Hoc|Any CPU.Build.0 = Release|Any CPU
		{856B49FC-E4CB-4805-871C-2CF7DACA976B}.Ad-Hoc|ARM.ActiveCfg = Release|Any CPU
		{856B49FC-E4CB-4805-871C-2CF7DACA976B}.Ad-Hoc|ARM.Build.0 = Release|Any CPU
		{856B49FC-E4CB-4805-871C-2CF7DACA976B}.Ad-Hoc|iPhone.ActiveCfg = Release|Any CPU
		{856B49FC-E4CB-4805-871C-2CF7DACA976B}.Ad-Hoc|iPhone.Build.0 = Release|Any CPU
		{856B49FC-E4CB-4805-871C-2CF7DACA976B}.Ad-Hoc|iPhoneSimulator.ActiveCfg = Release|Any CPU
		{856B49FC-E4CB-4805-871C-2CF7DACA976B}.Ad-Hoc|iPhoneSimulator.Build.0 = Release|Any CPU
		{856B49FC-E4CB-4805-871C-2CF7DACA976B}.Ad-Hoc|Mixed Platforms.ActiveCfg = Release|Any CPU
		{856B49FC-E4CB-4805-871C-2CF7DACA976B}.Ad-Hoc|Mixed Platforms.Build.0 = Release|Any CPU
		{856B49FC-E4CB-4805-871C-2CF7DACA976B}.Ad-Hoc|x64.ActiveCfg = Release|Any CPU
		{856B49FC-E4CB-4805-871C-2CF7DACA976B}.Ad-Hoc|x64.Build.0 = Release|Any CPU
		{856B49FC-E4CB-4805-871C-2CF7DACA976B}.Ad-Hoc|x86.ActiveCfg = Release|Any CPU
		{856B49FC-E4CB-4805-871C-2CF7DACA976B}.Ad-Hoc|x86.Build.0 = Release|Any CPU
		{856B49FC-E4CB-4805-871C-2CF7DACA976B}.AppStore|Any CPU.ActiveCfg = Release|Any CPU
		{856B49FC-E4CB-4805-871C-2CF7DACA976B}.AppStore|Any CPU.Build.0 = Release|Any CPU
		{856B49FC-E4CB-4805-871C-2CF7DACA976B}.AppStore|ARM.ActiveCfg = Release|Any CPU
		{856B49FC-E4CB-4805-871C-2CF7DACA976B}.AppStore|ARM.Build.0 = Release|Any CPU
		{856B49FC-E4CB-4805-871C-2CF7DACA976B}.AppStore|iPhone.ActiveCfg = Release|Any CPU
		{856B49FC-E4CB-4805-871C-2CF7DACA976B}.AppStore|iPhone.Build.0 = Release|Any CPU
		{856B49FC-E4CB-4805-871C-2CF7DACA976B}.AppStore|iPhoneSimulator.ActiveCfg = Release|Any CPU
		{856B49FC-E4CB-4805-871C-2CF7DACA976B}.AppStore|iPhoneSimulator.Build.0 = Release|Any CPU
		{856B49FC-E4CB-4805-871C-2CF7DACA976B}.AppStore|Mixed Platforms.ActiveCfg = Release|Any CPU
		{856B49FC-E4CB-4805-871C-2CF7DACA976B}.AppStore|Mixed Platforms.Build.0 = Release|Any CPU
		{856B49FC-E4CB-4805-871C-2CF7DACA976B}.AppStore|x64.ActiveCfg = Release|Any CPU
		{856B49FC-E4CB-4805-871C-2CF7DACA976B}.AppStore|x64.Build.0 = Release|Any CPU
		{856B49FC-E4CB-4805-871C-2CF7DACA976B}.AppStore|x86.ActiveCfg = Release|Any CPU
		{856B49FC-E4CB-4805-871C-2CF7DACA976B}.AppStore|x86.Build.0 = Release|Any CPU
		{856B49FC-E4CB-4805-871C-2CF7DACA976B}.Debug|Any CPU.ActiveCfg = Debug|Any CPU
		{856B49FC-E4CB-4805-871C-2CF7DACA976B}.Debug|Any CPU.Build.0 = Debug|Any CPU
		{856B49FC-E4CB-4805-871C-2CF7DACA976B}.Debug|ARM.ActiveCfg = Debug|Any CPU
		{856B49FC-E4CB-4805-871C-2CF7DACA976B}.Debug|ARM.Build.0 = Debug|Any CPU
		{856B49FC-E4CB-4805-871C-2CF7DACA976B}.Debug|iPhone.ActiveCfg = Debug|Any CPU
		{856B49FC-E4CB-4805-871C-2CF7DACA976B}.Debug|iPhone.Build.0 = Debug|Any CPU
		{856B49FC-E4CB-4805-871C-2CF7DACA976B}.Debug|iPhoneSimulator.ActiveCfg = Debug|Any CPU
		{856B49FC-E4CB-4805-871C-2CF7DACA976B}.Debug|iPhoneSimulator.Build.0 = Debug|Any CPU
		{856B49FC-E4CB-4805-871C-2CF7DACA976B}.Debug|Mixed Platforms.ActiveCfg = Debug|Any CPU
		{856B49FC-E4CB-4805-871C-2CF7DACA976B}.Debug|Mixed Platforms.Build.0 = Debug|Any CPU
		{856B49FC-E4CB-4805-871C-2CF7DACA976B}.Debug|x64.ActiveCfg = Debug|Any CPU
		{856B49FC-E4CB-4805-871C-2CF7DACA976B}.Debug|x64.Build.0 = Debug|Any CPU
		{856B49FC-E4CB-4805-871C-2CF7DACA976B}.Debug|x86.ActiveCfg = Debug|Any CPU
		{856B49FC-E4CB-4805-871C-2CF7DACA976B}.Debug|x86.Build.0 = Debug|Any CPU
		{856B49FC-E4CB-4805-871C-2CF7DACA976B}.Release|Any CPU.ActiveCfg = Release|Any CPU
		{856B49FC-E4CB-4805-871C-2CF7DACA976B}.Release|Any CPU.Build.0 = Release|Any CPU
		{856B49FC-E4CB-4805-871C-2CF7DACA976B}.Release|ARM.ActiveCfg = Release|Any CPU
		{856B49FC-E4CB-4805-871C-2CF7DACA976B}.Release|ARM.Build.0 = Release|Any CPU
		{856B49FC-E4CB-4805-871C-2CF7DACA976B}.Release|iPhone.ActiveCfg = Release|Any CPU
		{856B49FC-E4CB-4805-871C-2CF7DACA976B}.Release|iPhone.Build.0 = Release|Any CPU
		{856B49FC-E4CB-4805-871C-2CF7DACA976B}.Release|iPhoneSimulator.ActiveCfg = Release|Any CPU
		{856B49FC-E4CB-4805-871C-2CF7DACA976B}.Release|iPhoneSimulator.Build.0 = Release|Any CPU
		{856B49FC-E4CB-4805-871C-2CF7DACA976B}.Release|Mixed Platforms.ActiveCfg = Release|Any CPU
		{856B49FC-E4CB-4805-871C-2CF7DACA976B}.Release|Mixed Platforms.Build.0 = Release|Any CPU
		{856B49FC-E4CB-4805-871C-2CF7DACA976B}.Release|x64.ActiveCfg = Release|Any CPU
		{856B49FC-E4CB-4805-871C-2CF7DACA976B}.Release|x64.Build.0 = Release|Any CPU
		{856B49FC-E4CB-4805-871C-2CF7DACA976B}.Release|x86.ActiveCfg = Release|Any CPU
		{856B49FC-E4CB-4805-871C-2CF7DACA976B}.Release|x86.Build.0 = Release|Any CPU
	EndGlobalSection
	GlobalSection(SolutionProperties) = preSolution
		HideSolutionNode = FALSE
	EndGlobalSection
	GlobalSection(NestedProjects) = preSolution
		{67F9D3A8-F71E-4428-913F-C37AE82CDB24} = {54EA4179-3A82-4A65-AA40-194DD51ED270}
		{E8838AFB-0EC9-494C-BB35-7A81D277D4EE} = {54EA4179-3A82-4A65-AA40-194DD51ED270}
		{99134737-7D2B-485B-82CD-3F61D44A6A85} = {872A5C16-C644-429A-8EC4-E061CC1A66B1}
		{5BE4AB13-D945-4F1C-8A63-10AAF6424AC2} = {8FA06A03-718F-4052-BCF7-6F965864371E}
		{6FE852F1-35E6-440A-9DCD-C20E1FE29CD5} = {8FA06A03-718F-4052-BCF7-6F965864371E}
		{57DC2955-FA0A-4D07-AA1A-8EA0D4D8E5B8} = {F49CAFDE-33A1-443B-897E-642340F4749A}
		{856B49FC-E4CB-4805-871C-2CF7DACA976B} = {F49CAFDE-33A1-443B-897E-642340F4749A}
	EndGlobalSection
EndGlobal
